
Microsoft Visual Studio Solution File, Format Version 12.00
# Visual Studio Version 16
VisualStudioVersion = 16.0.30114.105
MinimumVisualStudioVersion = 10.0.40219.1
Project("{9A19103F-16F7-4668-BE54-9A1E7A4F7556}") = "Products", "Services\Products\Products.csproj", "{EA127ED6-708B-4DA0-A47D-09FA3D0B5DC7}"
EndProject
Project("{2150E333-8FDC-42A3-9474-1A3956D46DE8}") = "Services", "Services", "{420B1193-D065-4EFA-8CEA-8FF4CEC94651}"
EndProject
Project("{2150E333-8FDC-42A3-9474-1A3956D46DE8}") = "src", "src", "{46527EA9-7C7A-49E8-B59D-729467246393}"
EndProject
Project("{E53339B2-1760-4266-BCC7-CA923CBCF16C}") = "docker-compose", "docker-compose.dcproj", "{42FD3AF9-85DA-405C-B5F9-8D6CA20AFCDC}"
EndProject
Project("{2150E333-8FDC-42A3-9474-1A3956D46DE8}") = "ApiGateway", "ApiGateway", "{4465258B-37FC-463E-A632-2967E498D757}"
EndProject
Project("{FAE04EC0-301F-11D3-BF4B-00C04F79EFBC}") = "APIGateway", "ApiGateway\APIGateway\APIGateway.csproj", "{9298025C-2315-49B1-BF6C-E081F4C3BEA6}"
EndProject
Global
	GlobalSection(SolutionConfigurationPlatforms) = preSolution
		Debug|Any CPU = Debug|Any CPU
		Debug|x64 = Debug|x64
		Debug|x86 = Debug|x86
		Release|Any CPU = Release|Any CPU
		Release|x64 = Release|x64
		Release|x86 = Release|x86
	EndGlobalSection
	GlobalSection(ProjectConfigurationPlatforms) = postSolution
		{EA127ED6-708B-4DA0-A47D-09FA3D0B5DC7}.Debug|Any CPU.ActiveCfg = Debug|Any CPU
		{EA127ED6-708B-4DA0-A47D-09FA3D0B5DC7}.Debug|Any CPU.Build.0 = Debug|Any CPU
		{EA127ED6-708B-4DA0-A47D-09FA3D0B5DC7}.Debug|x64.ActiveCfg = Debug|Any CPU
		{EA127ED6-708B-4DA0-A47D-09FA3D0B5DC7}.Debug|x64.Build.0 = Debug|Any CPU
		{EA127ED6-708B-4DA0-A47D-09FA3D0B5DC7}.Debug|x86.ActiveCfg = Debug|Any CPU
		{EA127ED6-708B-4DA0-A47D-09FA3D0B5DC7}.Debug|x86.Build.0 = Debug|Any CPU
		{EA127ED6-708B-4DA0-A47D-09FA3D0B5DC7}.Release|Any CPU.ActiveCfg = Release|Any CPU
		{EA127ED6-708B-4DA0-A47D-09FA3D0B5DC7}.Release|Any CPU.Build.0 = Release|Any CPU
		{EA127ED6-708B-4DA0-A47D-09FA3D0B5DC7}.Release|x64.ActiveCfg = Release|Any CPU
		{EA127ED6-708B-4DA0-A47D-09FA3D0B5DC7}.Release|x64.Build.0 = Release|Any CPU
		{EA127ED6-708B-4DA0-A47D-09FA3D0B5DC7}.Release|x86.ActiveCfg = Release|Any CPU
		{EA127ED6-708B-4DA0-A47D-09FA3D0B5DC7}.Release|x86.Build.0 = Release|Any CPU
		{42FD3AF9-85DA-405C-B5F9-8D6CA20AFCDC}.Debug|Any CPU.ActiveCfg = Debug|Any CPU
		{42FD3AF9-85DA-405C-B5F9-8D6CA20AFCDC}.Debug|Any CPU.Build.0 = Debug|Any CPU
		{42FD3AF9-85DA-405C-B5F9-8D6CA20AFCDC}.Debug|x64.ActiveCfg = Debug|Any CPU
		{42FD3AF9-85DA-405C-B5F9-8D6CA20AFCDC}.Debug|x64.Build.0 = Debug|Any CPU
		{42FD3AF9-85DA-405C-B5F9-8D6CA20AFCDC}.Debug|x86.ActiveCfg = Debug|Any CPU
		{42FD3AF9-85DA-405C-B5F9-8D6CA20AFCDC}.Debug|x86.Build.0 = Debug|Any CPU
		{42FD3AF9-85DA-405C-B5F9-8D6CA20AFCDC}.Release|Any CPU.ActiveCfg = Release|Any CPU
		{42FD3AF9-85DA-405C-B5F9-8D6CA20AFCDC}.Release|Any CPU.Build.0 = Release|Any CPU
		{42FD3AF9-85DA-405C-B5F9-8D6CA20AFCDC}.Release|x64.ActiveCfg = Release|Any CPU
		{42FD3AF9-85DA-405C-B5F9-8D6CA20AFCDC}.Release|x64.Build.0 = Release|Any CPU
		{42FD3AF9-85DA-405C-B5F9-8D6CA20AFCDC}.Release|x86.ActiveCfg = Release|Any CPU
		{42FD3AF9-85DA-405C-B5F9-8D6CA20AFCDC}.Release|x86.Build.0 = Release|Any CPU
		{9298025C-2315-49B1-BF6C-E081F4C3BEA6}.Debug|Any CPU.ActiveCfg = Debug|Any CPU
		{9298025C-2315-49B1-BF6C-E081F4C3BEA6}.Debug|Any CPU.Build.0 = Debug|Any CPU
		{9298025C-2315-49B1-BF6C-E081F4C3BEA6}.Debug|x64.ActiveCfg = Debug|Any CPU
		{9298025C-2315-49B1-BF6C-E081F4C3BEA6}.Debug|x64.Build.0 = Debug|Any CPU
		{9298025C-2315-49B1-BF6C-E081F4C3BEA6}.Debug|x86.ActiveCfg = Debug|Any CPU
		{9298025C-2315-49B1-BF6C-E081F4C3BEA6}.Debug|x86.Build.0 = Debug|Any CPU
		{9298025C-2315-49B1-BF6C-E081F4C3BEA6}.Release|Any CPU.ActiveCfg = Release|Any CPU
		{9298025C-2315-49B1-BF6C-E081F4C3BEA6}.Release|Any CPU.Build.0 = Release|Any CPU
		{9298025C-2315-49B1-BF6C-E081F4C3BEA6}.Release|x64.ActiveCfg = Release|Any CPU
		{9298025C-2315-49B1-BF6C-E081F4C3BEA6}.Release|x64.Build.0 = Release|Any CPU
		{9298025C-2315-49B1-BF6C-E081F4C3BEA6}.Release|x86.ActiveCfg = Release|Any CPU
		{9298025C-2315-49B1-BF6C-E081F4C3BEA6}.Release|x86.Build.0 = Release|Any CPU
	EndGlobalSection
	GlobalSection(SolutionProperties) = preSolution
		HideSolutionNode = FALSE
	EndGlobalSection
	GlobalSection(NestedProjects) = preSolution
		{EA127ED6-708B-4DA0-A47D-09FA3D0B5DC7} = {420B1193-D065-4EFA-8CEA-8FF4CEC94651}
		{420B1193-D065-4EFA-8CEA-8FF4CEC94651} = {46527EA9-7C7A-49E8-B59D-729467246393}
		{4465258B-37FC-463E-A632-2967E498D757} = {46527EA9-7C7A-49E8-B59D-729467246393}
		{9298025C-2315-49B1-BF6C-E081F4C3BEA6} = {4465258B-37FC-463E-A632-2967E498D757}
	EndGlobalSection
	GlobalSection(ExtensibilityGlobals) = postSolution
		SolutionGuid = {668C8175-C780-4B6E-9755-36F7686B366E}
	EndGlobalSection
EndGlobal
